// !$*UTF8*$!
{
	archiveVersion = 1;
	classes = {
	};
	objectVersion = 46;
	objects = {

/* Begin PBXBuildFile section */
		8F6506591E0AC80600E5972D /* APIManager.swift in Sources */ = {isa = PBXBuildFile; fileRef = 8F6506581E0AC80600E5972D /* APIManager.swift */; };
		8FC2A2221E0AC5AF00C35815 /* AppDelegate.swift in Sources */ = {isa = PBXBuildFile; fileRef = 8FC2A2211E0AC5AF00C35815 /* AppDelegate.swift */; };
		8FC2A2241E0AC5AF00C35815 /* ViewController.swift in Sources */ = {isa = PBXBuildFile; fileRef = 8FC2A2231E0AC5AF00C35815 /* ViewController.swift */; };
		8FC2A2271E0AC5AF00C35815 /* Main.storyboard in Resources */ = {isa = PBXBuildFile; fileRef = 8FC2A2251E0AC5AF00C35815 /* Main.storyboard */; };
		8FC2A2291E0AC5AF00C35815 /* Assets.xcassets in Resources */ = {isa = PBXBuildFile; fileRef = 8FC2A2281E0AC5AF00C35815 /* Assets.xcassets */; };
		8FC2A22C1E0AC5AF00C35815 /* LaunchScreen.storyboard in Resources */ = {isa = PBXBuildFile; fileRef = 8FC2A22A1E0AC5AF00C35815 /* LaunchScreen.storyboard */; };
		8FC2A2371E0AC5AF00C35815 /* RESTAPIManagerTests.swift in Sources */ = {isa = PBXBuildFile; fileRef = 8FC2A2361E0AC5AF00C35815 /* RESTAPIManagerTests.swift */; };
		8FC2A2421E0AC5AF00C35815 /* RESTAPIManagerUITests.swift in Sources */ = {isa = PBXBuildFile; fileRef = 8FC2A2411E0AC5AF00C35815 /* RESTAPIManagerUITests.swift */; };
		EAAC262F7D82089F17E6C981 /* Pods_RESTAPIManager.framework in Frameworks */ = {isa = PBXBuildFile; fileRef = 529798E45F97CA3EE7957CBF /* Pods_RESTAPIManager.framework */; };
/* End PBXBuildFile section */

/* Begin PBXContainerItemProxy section */
		8FC2A2331E0AC5AF00C35815 /* PBXContainerItemProxy */ = {
			isa = PBXContainerItemProxy;
			containerPortal = 8FC2A2161E0AC5AF00C35815 /* Project object */;
			proxyType = 1;
			remoteGlobalIDString = 8FC2A21D1E0AC5AF00C35815;
			remoteInfo = RESTAPIManager;
		};
		8FC2A23E1E0AC5AF00C35815 /* PBXContainerItemProxy */ = {
			isa = PBXContainerItemProxy;
			containerPortal = 8FC2A2161E0AC5AF00C35815 /* Project object */;
			proxyType = 1;
			remoteGlobalIDString = 8FC2A21D1E0AC5AF00C35815;
			remoteInfo = RESTAPIManager;
		};
/* End PBXContainerItemProxy section */

/* Begin PBXFileReference section */
		0F3878E2963A306636FDB0EA /* Pods-RESTAPIManager.release.xcconfig */ = {isa = PBXFileReference; includeInIndex = 1; lastKnownFileType = text.xcconfig; name = "Pods-RESTAPIManager.release.xcconfig"; path = "Pods/Target Support Files/Pods-RESTAPIManager/Pods-RESTAPIManager.release.xcconfig"; sourceTree = "<group>"; };
		435839AC9882D964695D42B0 /* Pods-RESTAPIManager.debug.xcconfig */ = {isa = PBXFileReference; includeInIndex = 1; lastKnownFileType = text.xcconfig; name = "Pods-RESTAPIManager.debug.xcconfig"; path = "Pods/Target Support Files/Pods-RESTAPIManager/Pods-RESTAPIManager.debug.xcconfig"; sourceTree = "<group>"; };
		529798E45F97CA3EE7957CBF /* Pods_RESTAPIManager.framework */ = {isa = PBXFileReference; explicitFileType = wrapper.framework; includeInIndex = 0; path = Pods_RESTAPIManager.framework; sourceTree = BUILT_PRODUCTS_DIR; };
		8F6506581E0AC80600E5972D /* APIManager.swift */ = {isa = PBXFileReference; fileEncoding = 4; lastKnownFileType = sourcecode.swift; name = APIManager.swift; path = ../APIManager.swift; sourceTree = "<group>"; };
		8FC2A21E1E0AC5AF00C35815 /* RESTAPIManager.app */ = {isa = PBXFileReference; explicitFileType = wrapper.application; includeInIndex = 0; path = RESTAPIManager.app; sourceTree = BUILT_PRODUCTS_DIR; };
		8FC2A2211E0AC5AF00C35815 /* AppDelegate.swift */ = {isa = PBXFileReference; lastKnownFileType = sourcecode.swift; path = AppDelegate.swift; sourceTree = "<group>"; };
		8FC2A2231E0AC5AF00C35815 /* ViewController.swift */ = {isa = PBXFileReference; lastKnownFileType = sourcecode.swift; path = ViewController.swift; sourceTree = "<group>"; };
		8FC2A2261E0AC5AF00C35815 /* Base */ = {isa = PBXFileReference; lastKnownFileType = file.storyboard; name = Base; path = Base.lproj/Main.storyboard; sourceTree = "<group>"; };
		8FC2A2281E0AC5AF00C35815 /* Assets.xcassets */ = {isa = PBXFileReference; lastKnownFileType = folder.assetcatalog; path = Assets.xcassets; sourceTree = "<group>"; };
		8FC2A22B1E0AC5AF00C35815 /* Base */ = {isa = PBXFileReference; lastKnownFileType = file.storyboard; name = Base; path = Base.lproj/LaunchScreen.storyboard; sourceTree = "<group>"; };
		8FC2A22D1E0AC5AF00C35815 /* Info.plist */ = {isa = PBXFileReference; lastKnownFileType = text.plist.xml; path = Info.plist; sourceTree = "<group>"; };
		8FC2A2321E0AC5AF00C35815 /* RESTAPIManagerTests.xctest */ = {isa = PBXFileReference; explicitFileType = wrapper.cfbundle; includeInIndex = 0; path = RESTAPIManagerTests.xctest; sourceTree = BUILT_PRODUCTS_DIR; };
		8FC2A2361E0AC5AF00C35815 /* RESTAPIManagerTests.swift */ = {isa = PBXFileReference; lastKnownFileType = sourcecode.swift; path = RESTAPIManagerTests.swift; sourceTree = "<group>"; };
		8FC2A2381E0AC5AF00C35815 /* Info.plist */ = {isa = PBXFileReference; lastKnownFileType = text.plist.xml; path = Info.plist; sourceTree = "<group>"; };
		8FC2A23D1E0AC5AF00C35815 /* RESTAPIManagerUITests.xctest */ = {isa = PBXFileReference; explicitFileType = wrapper.cfbundle; includeInIndex = 0; path = RESTAPIManagerUITests.xctest; sourceTree = BUILT_PRODUCTS_DIR; };
		8FC2A2411E0AC5AF00C35815 /* RESTAPIManagerUITests.swift */ = {isa = PBXFileReference; lastKnownFileType = sourcecode.swift; path = RESTAPIManagerUITests.swift; sourceTree = "<group>"; };
		8FC2A2431E0AC5AF00C35815 /* Info.plist */ = {isa = PBXFileReference; lastKnownFileType = text.plist.xml; path = Info.plist; sourceTree = "<group>"; };
/* End PBXFileReference section */

/* Begin PBXFrameworksBuildPhase section */
		8FC2A21B1E0AC5AF00C35815 /* Frameworks */ = {
			isa = PBXFrameworksBuildPhase;
			buildActionMask = 2147483647;
			files = (
				EAAC262F7D82089F17E6C981 /* Pods_RESTAPIManager.framework in Frameworks */,
			);
			runOnlyForDeploymentPostprocessing = 0;
		};
		8FC2A22F1E0AC5AF00C35815 /* Frameworks */ = {
			isa = PBXFrameworksBuildPhase;
			buildActionMask = 2147483647;
			files = (
			);
			runOnlyForDeploymentPostprocessing = 0;
		};
		8FC2A23A1E0AC5AF00C35815 /* Frameworks */ = {
			isa = PBXFrameworksBuildPhase;
			buildActionMask = 2147483647;
			files = (
			);
			runOnlyForDeploymentPostprocessing = 0;
		};
/* End PBXFrameworksBuildPhase section */

/* Begin PBXGroup section */
		8FC2A2151E0AC5AF00C35815 = {
			isa = PBXGroup;
			children = (
				8FC2A2201E0AC5AF00C35815 /* RESTAPIManager */,
				8FC2A2351E0AC5AF00C35815 /* RESTAPIManagerTests */,
				8FC2A2401E0AC5AF00C35815 /* RESTAPIManagerUITests */,
				8FC2A21F1E0AC5AF00C35815 /* Products */,
				D022259D7E6047581E47FA08 /* Pods */,
				93AAC6311D81AE299B86E6CE /* Frameworks */,
			);
			sourceTree = "<group>";
		};
		8FC2A21F1E0AC5AF00C35815 /* Products */ = {
			isa = PBXGroup;
			children = (
				8FC2A21E1E0AC5AF00C35815 /* RESTAPIManager.app */,
				8FC2A2321E0AC5AF00C35815 /* RESTAPIManagerTests.xctest */,
				8FC2A23D1E0AC5AF00C35815 /* RESTAPIManagerUITests.xctest */,
			);
			name = Products;
			sourceTree = "<group>";
		};
		8FC2A2201E0AC5AF00C35815 /* RESTAPIManager */ = {
			isa = PBXGroup;
			children = (
				8F6506581E0AC80600E5972D /* APIManager.swift */,
				8FC2A2211E0AC5AF00C35815 /* AppDelegate.swift */,
				8FC2A2231E0AC5AF00C35815 /* ViewController.swift */,
				8FC2A2251E0AC5AF00C35815 /* Main.storyboard */,
				8FC2A2281E0AC5AF00C35815 /* Assets.xcassets */,
				8FC2A22A1E0AC5AF00C35815 /* LaunchScreen.storyboard */,
				8FC2A22D1E0AC5AF00C35815 /* Info.plist */,
			);
			path = RESTAPIManager;
			sourceTree = "<group>";
		};
		8FC2A2351E0AC5AF00C35815 /* RESTAPIManagerTests */ = {
			isa = PBXGroup;
			children = (
				8FC2A2361E0AC5AF00C35815 /* RESTAPIManagerTests.swift */,
				8FC2A2381E0AC5AF00C35815 /* Info.plist */,
			);
			path = RESTAPIManagerTests;
			sourceTree = "<group>";
		};
		8FC2A2401E0AC5AF00C35815 /* RESTAPIManagerUITests */ = {
			isa = PBXGroup;
			children = (
				8FC2A2411E0AC5AF00C35815 /* RESTAPIManagerUITests.swift */,
				8FC2A2431E0AC5AF00C35815 /* Info.plist */,
			);
			path = RESTAPIManagerUITests;
			sourceTree = "<group>";
		};
		93AAC6311D81AE299B86E6CE /* Frameworks */ = {
			isa = PBXGroup;
			children = (
				529798E45F97CA3EE7957CBF /* Pods_RESTAPIManager.framework */,
			);
			name = Frameworks;
			sourceTree = "<group>";
		};
		D022259D7E6047581E47FA08 /* Pods */ = {
			isa = PBXGroup;
			children = (
				435839AC9882D964695D42B0 /* Pods-RESTAPIManager.debug.xcconfig */,
				0F3878E2963A306636FDB0EA /* Pods-RESTAPIManager.release.xcconfig */,
			);
			name = Pods;
			sourceTree = "<group>";
		};
/* End PBXGroup section */

/* Begin PBXNativeTarget section */
		8FC2A21D1E0AC5AF00C35815 /* RESTAPIManager */ = {
			isa = PBXNativeTarget;
			buildConfigurationList = 8FC2A2461E0AC5AF00C35815 /* Build configuration list for PBXNativeTarget "RESTAPIManager" */;
			buildPhases = (
				BB2AC8F1F2EF52CD2C8335E3 /* [CP] Check Pods Manifest.lock */,
				8FC2A21A1E0AC5AF00C35815 /* Sources */,
				8FC2A21B1E0AC5AF00C35815 /* Frameworks */,
				8FC2A21C1E0AC5AF00C35815 /* Resources */,
				222B2050E8D89B4C61E6FB97 /* [CP] Embed Pods Frameworks */,
				CB0C71268BDF05A28D3FC4E9 /* [CP] Copy Pods Resources */,
			);
			buildRules = (
			);
			dependencies = (
			);
			name = RESTAPIManager;
			productName = RESTAPIManager;
			productReference = 8FC2A21E1E0AC5AF00C35815 /* RESTAPIManager.app */;
			productType = "com.apple.product-type.application";
		};
		8FC2A2311E0AC5AF00C35815 /* RESTAPIManagerTests */ = {
			isa = PBXNativeTarget;
			buildConfigurationList = 8FC2A2491E0AC5AF00C35815 /* Build configuration list for PBXNativeTarget "RESTAPIManagerTests" */;
			buildPhases = (
				8FC2A22E1E0AC5AF00C35815 /* Sources */,
				8FC2A22F1E0AC5AF00C35815 /* Frameworks */,
				8FC2A2301E0AC5AF00C35815 /* Resources */,
			);
			buildRules = (
			);
			dependencies = (
				8FC2A2341E0AC5AF00C35815 /* PBXTargetDependency */,
			);
			name = RESTAPIManagerTests;
			productName = RESTAPIManagerTests;
			productReference = 8FC2A2321E0AC5AF00C35815 /* RESTAPIManagerTests.xctest */;
			productType = "com.apple.product-type.bundle.unit-test";
		};
		8FC2A23C1E0AC5AF00C35815 /* RESTAPIManagerUITests */ = {
			isa = PBXNativeTarget;
			buildConfigurationList = 8FC2A24C1E0AC5AF00C35815 /* Build configuration list for PBXNativeTarget "RESTAPIManagerUITests" */;
			buildPhases = (
				8FC2A2391E0AC5AF00C35815 /* Sources */,
				8FC2A23A1E0AC5AF00C35815 /* Frameworks */,
				8FC2A23B1E0AC5AF00C35815 /* Resources */,
			);
			buildRules = (
			);
			dependencies = (
				8FC2A23F1E0AC5AF00C35815 /* PBXTargetDependency */,
			);
			name = RESTAPIManagerUITests;
			productName = RESTAPIManagerUITests;
			productReference = 8FC2A23D1E0AC5AF00C35815 /* RESTAPIManagerUITests.xctest */;
			productType = "com.apple.product-type.bundle.ui-testing";
		};
/* End PBXNativeTarget section */

/* Begin PBXProject section */
		8FC2A2161E0AC5AF00C35815 /* Project object */ = {
			isa = PBXProject;
			attributes = {
				LastSwiftUpdateCheck = 0820;
				LastUpgradeCheck = 0820;
				ORGANIZATIONNAME = "Petros Demetrakopoulos";
				TargetAttributes = {
					8FC2A21D1E0AC5AF00C35815 = {
						CreatedOnToolsVersion = 8.2.1;
						ProvisioningStyle = Automatic;
					};
					8FC2A2311E0AC5AF00C35815 = {
						CreatedOnToolsVersion = 8.2.1;
						ProvisioningStyle = Automatic;
						TestTargetID = 8FC2A21D1E0AC5AF00C35815;
					};
					8FC2A23C1E0AC5AF00C35815 = {
						CreatedOnToolsVersion = 8.2.1;
						ProvisioningStyle = Automatic;
						TestTargetID = 8FC2A21D1E0AC5AF00C35815;
					};
				};
			};
			buildConfigurationList = 8FC2A2191E0AC5AF00C35815 /* Build configuration list for PBXProject "RESTAPIManager" */;
			compatibilityVersion = "Xcode 3.2";
			developmentRegion = English;
			hasScannedForEncodings = 0;
			knownRegions = (
				en,
				Base,
			);
			mainGroup = 8FC2A2151E0AC5AF00C35815;
			productRefGroup = 8FC2A21F1E0AC5AF00C35815 /* Products */;
			projectDirPath = "";
			projectRoot = "";
			targets = (
				8FC2A21D1E0AC5AF00C35815 /* RESTAPIManager */,
				8FC2A2311E0AC5AF00C35815 /* RESTAPIManagerTests */,
				8FC2A23C1E0AC5AF00C35815 /* RESTAPIManagerUITests */,
			);
		};
/* End PBXProject section */

/* Begin PBXResourcesBuildPhase section */
		8FC2A21C1E0AC5AF00C35815 /* Resources */ = {
			isa = PBXResourcesBuildPhase;
			buildActionMask = 2147483647;
			files = (
				8FC2A22C1E0AC5AF00C35815 /* LaunchScreen.storyboard in Resources */,
				8FC2A2291E0AC5AF00C35815 /* Assets.xcassets in Resources */,
				8FC2A2271E0AC5AF00C35815 /* Main.storyboard in Resources */,
			);
			runOnlyForDeploymentPostprocessing = 0;
		};
		8FC2A2301E0AC5AF00C35815 /* Resources */ = {
			isa = PBXResourcesBuildPhase;
			buildActionMask = 2147483647;
			files = (
			);
			runOnlyForDeploymentPostprocessing = 0;
		};
		8FC2A23B1E0AC5AF00C35815 /* Resources */ = {
			isa = PBXResourcesBuildPhase;
			buildActionMask = 2147483647;
			files = (
			);
			runOnlyForDeploymentPostprocessing = 0;
		};
/* End PBXResourcesBuildPhase section */

/* Begin PBXShellScriptBuildPhase section */
		222B2050E8D89B4C61E6FB97 /* [CP] Embed Pods Frameworks */ = {
			isa = PBXShellScriptBuildPhase;
			buildActionMask = 2147483647;
			files = (
			);
			inputPaths = (
			);
			name = "[CP] Embed Pods Frameworks";
			outputPaths = (
			);
			runOnlyForDeploymentPostprocessing = 0;
			shellPath = /bin/sh;
			shellScript = "\"${SRCROOT}/Pods/Target Support Files/Pods-RESTAPIManager/Pods-RESTAPIManager-frameworks.sh\"\n";
			showEnvVarsInLog = 0;
		};
		BB2AC8F1F2EF52CD2C8335E3 /* [CP] Check Pods Manifest.lock */ = {
			isa = PBXShellScriptBuildPhase;
			buildActionMask = 2147483647;
			files = (
			);
			inputPaths = (
			);
			name = "[CP] Check Pods Manifest.lock";
			outputPaths = (
			);
			runOnlyForDeploymentPostprocessing = 0;
			shellPath = /bin/sh;
			shellScript = "diff \"${PODS_ROOT}/../Podfile.lock\" \"${PODS_ROOT}/Manifest.lock\" > /dev/null\nif [ $? != 0 ] ; then\n    # print error to STDERR\n    echo \"error: The sandbox is not in sync with the Podfile.lock. Run 'pod install' or update your CocoaPods installation.\" >&2\n    exit 1\nfi\n";
			showEnvVarsInLog = 0;
		};
		CB0C71268BDF05A28D3FC4E9 /* [CP] Copy Pods Resources */ = {
			isa = PBXShellScriptBuildPhase;
			buildActionMask = 2147483647;
			files = (
			);
			inputPaths = (
			);
			name = "[CP] Copy Pods Resources";
			outputPaths = (
			);
			runOnlyForDeploymentPostprocessing = 0;
			shellPath = /bin/sh;
			shellScript = "\"${SRCROOT}/Pods/Target Support Files/Pods-RESTAPIManager/Pods-RESTAPIManager-resources.sh\"\n";
			showEnvVarsInLog = 0;
		};
/* End PBXShellScriptBuildPhase section */

/* Begin PBXSourcesBuildPhase section */
		8FC2A21A1E0AC5AF00C35815 /* Sources */ = {
			isa = PBXSourcesBuildPhase;
			buildActionMask = 2147483647;
			files = (
				8F6506591E0AC80600E5972D /* APIManager.swift in Sources */,
				8FC2A2241E0AC5AF00C35815 /* ViewController.swift in Sources */,
				8FC2A2221E0AC5AF00C35815 /* AppDelegate.swift in Sources */,
			);
			runOnlyForDeploymentPostprocessing = 0;
		};
		8FC2A22E1E0AC5AF00C35815 /* Sources */ = {
			isa = PBXSourcesBuildPhase;
			buildActionMask = 2147483647;
			files = (
				8FC2A2371E0AC5AF00C35815 /* RESTAPIManagerTests.swift in Sources */,
			);
			runOnlyForDeploymentPostprocessing = 0;
		};
		8FC2A2391E0AC5AF00C35815 /* Sources */ = {
			isa = PBXSourcesBuildPhase;
			buildActionMask = 2147483647;
			files = (
				8FC2A2421E0AC5AF00C35815 /* RESTAPIManagerUITests.swift in Sources */,
			);
			runOnlyForDeploymentPostprocessing = 0;
		};
/* End PBXSourcesBuildPhase section */

/* Begin PBXTargetDependency section */
		8FC2A2341E0AC5AF00C35815 /* PBXTargetDependency */ = {
			isa = PBXTargetDependency;
			target = 8FC2A21D1E0AC5AF00C35815 /* RESTAPIManager */;
			targetProxy = 8FC2A2331E0AC5AF00C35815 /* PBXContainerItemProxy */;
		};
		8FC2A23F1E0AC5AF00C35815 /* PBXTargetDependency */ = {
			isa = PBXTargetDependency;
			target = 8FC2A21D1E0AC5AF00C35815 /* RESTAPIManager */;
			targetProxy = 8FC2A23E1E0AC5AF00C35815 /* PBXContainerItemProxy */;
		};
/* End PBXTargetDependency section */

/* Begin PBXVariantGroup section */
		8FC2A2251E0AC5AF00C35815 /* Main.storyboard */ = {
			isa = PBXVariantGroup;
			children = (
				8FC2A2261E0AC5AF00C35815 /* Base */,
			);
			name = Main.storyboard;
			sourceTree = "<group>";
		};
		8FC2A22A1E0AC5AF00C35815 /* LaunchScreen.storyboard */ = {
			isa = PBXVariantGroup;
			children = (
				8FC2A22B1E0AC5AF00C35815 /* Base */,
			);
			name = LaunchScreen.storyboard;
			sourceTree = "<group>";
		};
/* End PBXVariantGroup section */

/* Begin XCBuildConfiguration section */
		8FC2A2441E0AC5AF00C35815 /* Debug */ = {
			isa = XCBuildConfiguration;
			buildSettings = {
				ALWAYS_SEARCH_USER_PATHS = NO;
				CLANG_ANALYZER_NONNULL = YES;
				CLANG_CXX_LANGUAGE_STANDARD = "gnu++0x";
				CLANG_CXX_LIBRARY = "libc++";
				CLANG_ENABLE_MODULES = YES;
				CLANG_ENABLE_OBJC_ARC = YES;
				CLANG_WARN_BOOL_CONVERSION = YES;
				CLANG_WARN_CONSTANT_CONVERSION = YES;
				CLANG_WARN_DIRECT_OBJC_ISA_USAGE = YES_ERROR;
				CLANG_WARN_DOCUMENTATION_COMMENTS = YES;
				CLANG_WARN_EMPTY_BODY = YES;
				CLANG_WARN_ENUM_CONVERSION = YES;
				CLANG_WARN_INFINITE_RECURSION = YES;
				CLANG_WARN_INT_CONVERSION = YES;
				CLANG_WARN_OBJC_ROOT_CLASS = YES_ERROR;
				CLANG_WARN_SUSPICIOUS_MOVE = YES;
				CLANG_WARN_UNREACHABLE_CODE = YES;
				CLANG_WARN__DUPLICATE_METHOD_MATCH = YES;
				"CODE_SIGN_IDENTITY[sdk=iphoneos*]" = "iPhone Developer";
				COPY_PHASE_STRIP = NO;
				DEBUG_INFORMATION_FORMAT = dwarf;
				ENABLE_STRICT_OBJC_MSGSEND = YES;
				ENABLE_TESTABILITY = YES;
				GCC_C_LANGUAGE_STANDARD = gnu99;
				GCC_DYNAMIC_NO_PIC = NO;
				GCC_NO_COMMON_BLOCKS = YES;
				GCC_OPTIMIZATION_LEVEL = 0;
				GCC_PREPROCESSOR_DEFINITIONS = (
					"DEBUG=1",
					"$(inherited)",
				);
				GCC_WARN_64_TO_32_BIT_CONVERSION = YES;
				GCC_WARN_ABOUT_RETURN_TYPE = YES_ERROR;
				GCC_WARN_UNDECLARED_SELECTOR = YES;
				GCC_WARN_UNINITIALIZED_AUTOS = YES_AGGRESSIVE;
				GCC_WARN_UNUSED_FUNCTION = YES;
				GCC_WARN_UNUSED_VARIABLE = YES;
				IPHONEOS_DEPLOYMENT_TARGET = 10.2;
				MTL_ENABLE_DEBUG_INFO = YES;
				ONLY_ACTIVE_ARCH = YES;
				SDKROOT = iphoneos;
				SWIFT_ACTIVE_COMPILATION_CONDITIONS = DEBUG;
				SWIFT_OPTIMIZATION_LEVEL = "-Onone";
				TARGETED_DEVICE_FAMILY = "1,2";
			};
			name = Debug;
		};
		8FC2A2451E0AC5AF00C35815 /* Release */ = {
			isa = XCBuildConfiguration;
			buildSettings = {
				ALWAYS_SEARCH_USER_PATHS = NO;
				CLANG_ANALYZER_NONNULL = YES;
				CLANG_CXX_LANGUAGE_STANDARD = "gnu++0x";
				CLANG_CXX_LIBRARY = "libc++";
				CLANG_ENABLE_MODULES = YES;
				CLANG_ENABLE_OBJC_ARC = YES;
				CLANG_WARN_BOOL_CONVERSION = YES;
				CLANG_WARN_CONSTANT_CONVERSION = YES;
				CLANG_WARN_DIRECT_OBJC_ISA_USAGE = YES_ERROR;
				CLANG_WARN_DOCUMENTATION_COMMENTS = YES;
				CLANG_WARN_EMPTY_BODY = YES;
				CLANG_WARN_ENUM_CONVERSION = YES;
				CLANG_WARN_INFINITE_RECURSION = YES;
				CLANG_WARN_INT_CONVERSION = YES;
				CLANG_WARN_OBJC_ROOT_CLASS = YES_ERROR;
				CLANG_WARN_SUSPICIOUS_MOVE = YES;
				CLANG_WARN_UNREACHABLE_CODE = YES;
				CLANG_WARN__DUPLICATE_METHOD_MATCH = YES;
				"CODE_SIGN_IDENTITY[sdk=iphoneos*]" = "iPhone Developer";
				COPY_PHASE_STRIP = NO;
				DEBUG_INFORMATION_FORMAT = "dwarf-with-dsym";
				ENABLE_NS_ASSERTIONS = NO;
				ENABLE_STRICT_OBJC_MSGSEND = YES;
				GCC_C_LANGUAGE_STANDARD = gnu99;
				GCC_NO_COMMON_BLOCKS = YES;
				GCC_WARN_64_TO_32_BIT_CONVERSION = YES;
				GCC_WARN_ABOUT_RETURN_TYPE = YES_ERROR;
				GCC_WARN_UNDECLARED_SELECTOR = YES;
				GCC_WARN_UNINITIALIZED_AUTOS = YES_AGGRESSIVE;
				GCC_WARN_UNUSED_FUNCTION = YES;
				GCC_WARN_UNUSED_VARIABLE = YES;
				IPHONEOS_DEPLOYMENT_TARGET = 10.2;
				MTL_ENABLE_DEBUG_INFO = NO;
				SDKROOT = iphoneos;
				SWIFT_OPTIMIZATION_LEVEL = "-Owholemodule";
				TARGETED_DEVICE_FAMILY = "1,2";
				VALIDATE_PRODUCT = YES;
			};
			name = Release;
		};
		8FC2A2471E0AC5AF00C35815 /* Debug */ = {
			isa = XCBuildConfiguration;
			baseConfigurationReference = 435839AC9882D964695D42B0 /* Pods-RESTAPIManager.debug.xcconfig */;
			buildSettings = {
				ASSETCATALOG_COMPILER_APPICON_NAME = AppIcon;
				INFOPLIST_FILE = RESTAPIManager/Info.plist;
				LD_RUNPATH_SEARCH_PATHS = "$(inherited) @executable_path/Frameworks";
				PRODUCT_BUNDLE_IDENTIFIER = petros.Demetrakopoulos.RESTAPIManager;
				PRODUCT_NAME = "$(TARGET_NAME)";
				SWIFT_VERSION = 3.0;
			};
			name = Debug;
		};
		8FC2A2481E0AC5AF00C35815 /* Release */ = {
			isa = XCBuildConfiguration;
			baseConfigurationReference = 0F3878E2963A306636FDB0EA /* Pods-RESTAPIManager.release.xcconfig */;
			buildSettings = {
				ASSETCATALOG_COMPILER_APPICON_NAME = AppIcon;
				INFOPLIST_FILE = RESTAPIManager/Info.plist;
				LD_RUNPATH_SEARCH_PATHS = "$(inherited) @executable_path/Frameworks";
				PRODUCT_BUNDLE_IDENTIFIER = petros.Demetrakopoulos.RESTAPIManager;
				PRODUCT_NAME = "$(TARGET_NAME)";
				SWIFT_VERSION = 3.0;
			};
			name = Release;
		};
		8FC2A24A1E0AC5AF00C35815 /* Debug */ = {
			isa = XCBuildConfiguration;
			buildSettings = {
				ALWAYS_EMBED_SWIFT_STANDARD_LIBRARIES = YES;
				BUNDLE_LOADER = "$(TEST_HOST)";
				INFOPLIST_FILE = RESTAPIManagerTests/Info.plist;
				LD_RUNPATH_SEARCH_PATHS = "$(inherited) @executable_path/Frameworks @loader_path/Frameworks";
				PRODUCT_BUNDLE_IDENTIFIER = petros.Demetrakopoulos.RESTAPIManagerTests;
				PRODUCT_NAME = "$(TARGET_NAME)";
				SWIFT_VERSION = 3.0;
				TEST_HOST = "$(BUILT_PRODUCTS_DIR)/RESTAPIManager.app/RESTAPIManager";
			};
			name = Debug;
		};
		8FC2A24B1E0AC5AF00C35815 /* Release */ = {
			isa = XCBuildConfiguration;
			buildSettings = {
				ALWAYS_EMBED_SWIFT_STANDARD_LIBRARIES = YES;
				BUNDLE_LOADER = "$(TEST_HOST)";
				INFOPLIST_FILE = RESTAPIManagerTests/Info.plist;
				LD_RUNPATH_SEARCH_PATHS = "$(inherited) @executable_path/Frameworks @loader_path/Frameworks";
				PRODUCT_BUNDLE_IDENTIFIER = petros.Demetrakopoulos.RESTAPIManagerTests;
				PRODUCT_NAME = "$(TARGET_NAME)";
				SWIFT_VERSION = 3.0;
				TEST_HOST = "$(BUILT_PRODUCTS_DIR)/RESTAPIManager.app/RESTAPIManager";
			};
			name = Release;
		};
		8FC2A24D1E0AC5AF00C35815 /* Debug */ = {
			isa = XCBuildConfiguration;
			buildSettings = {
				ALWAYS_EMBED_SWIFT_STANDARD_LIBRARIES = YES;
				INFOPLIST_FILE = RESTAPIManagerUITests/Info.plist;
				LD_RUNPATH_SEARCH_PATHS = "$(inherited) @executable_path/Frameworks @loader_path/Frameworks";
				PRODUCT_BUNDLE_IDENTIFIER = petros.Demetrakopoulos.RESTAPIManagerUITests;
				PRODUCT_NAME = "$(TARGET_NAME)";
				SWIFT_VERSION = 3.0;
				TEST_TARGET_NAME = RESTAPIManager;
			};
			name = Debug;
		};
		8FC2A24E1E0AC5AF00C35815 /* Release */ = {
			isa = XCBuildConfiguration;
			buildSettings = {
				ALWAYS_EMBED_SWIFT_STANDARD_LIBRARIES = YES;
				INFOPLIST_FILE = RESTAPIManagerUITests/Info.plist;
				LD_RUNPATH_SEARCH_PATHS = "$(inherited) @executable_path/Frameworks @loader_path/Frameworks";
				PRODUCT_BUNDLE_IDENTIFIER = petros.Demetrakopoulos.RESTAPIManagerUITests;
				PRODUCT_NAME = "$(TARGET_NAME)";
				SWIFT_VERSION = 3.0;
				TEST_TARGET_NAME = RESTAPIManager;
			};
			name = Release;
		};
/* End XCBuildConfiguration section */

/* Begin XCConfigurationList section */
		8FC2A2191E0AC5AF00C35815 /* Build configuration list for PBXProject "RESTAPIManager" */ = {
			isa = XCConfigurationList;
			buildConfigurations = (
				8FC2A2441E0AC5AF00C35815 /* Debug */,
				8FC2A2451E0AC5AF00C35815 /* Release */,
			);
			defaultConfigurationIsVisible = 0;
			defaultConfigurationName = Release;
		};
		8FC2A2461E0AC5AF00C35815 /* Build configuration list for PBXNativeTarget "RESTAPIManager" */ = {
			isa = XCConfigurationList;
			buildConfigurations = (
				8FC2A2471E0AC5AF00C35815 /* Debug */,
				8FC2A2481E0AC5AF00C35815 /* Release */,
			);
			defaultConfigurationIsVisible = 0;
			defaultConfigurationName = Release;
		};
		8FC2A2491E0AC5AF00C35815 /* Build configuration list for PBXNativeTarget "RESTAPIManagerTests" */ = {
			isa = XCConfigurationList;
			buildConfigurations = (
				8FC2A24A1E0AC5AF00C35815 /* Debug */,
				8FC2A24B1E0AC5AF00C35815 /* Release */,
			);
			defaultConfigurationIsVisible = 0;
			defaultConfigurationName = Release;
		};
		8FC2A24C1E0AC5AF00C35815 /* Build configuration list for PBXNativeTarget "RESTAPIManagerUITests" */ = {
			isa = XCConfigurationList;
			buildConfigurations = (
				8FC2A24D1E0AC5AF00C35815 /* Debug */,
				8FC2A24E1E0AC5AF00C35815 /* Release */,
			);
			defaultConfigurationIsVisible = 0;
			defaultConfigurationName = Release;
		};
/* End XCConfigurationList section */
	};
	rootObject = 8FC2A2161E0AC5AF00C35815 /* Project object */;
}
